# This file is automatically @generated by Cargo.
# It is not intended for manual editing.
version = 3

[[package]]
name = "double-map"
version = "0.14.0"
source = "registry+https://github.com/rust-lang/crates.io-index"
checksum = "a7889a9d7f5a21f3c2810b4bd6c1230b8a5757dfdd33635444978bb449631c70"

[[package]]
name = "puzzle1"
version = "0.1.0"

[[package]]
name = "puzzle2"
version = "0.1.0"
dependencies = [
 "double-map",
]
